
Microsoft Visual Studio Solution File, Format Version 12.00
# Visual Studio Version 17
VisualStudioVersion = 17.7.34221.43
MinimumVisualStudioVersion = 10.0.40219.1
Project("{FAE04EC0-301F-11D3-BF4B-00C04F79EFBC}") = "DownloadCover", "DownloadCover\DownloadCover.csproj", "{98E93B70-6776-4F41-8B57-10336EAFB791}"
EndProject
Project("{FAE04EC0-301F-11D3-BF4B-00C04F79EFBC}") = "Common", "Common\Common.csproj", "{7073ACF8-321D-4A44-B2DB-DD0DAA0FBFAA}"
EndProject
Global
	GlobalSection(SolutionConfigurationPlatforms) = preSolution
		Debug|Any CPU = Debug|Any CPU
		Release|Any CPU = Release|Any CPU
	EndGlobalSection
	GlobalSection(ProjectConfigurationPlatforms) = postSolution
		{98E93B70-6776-4F41-8B57-10336EAFB791}.Debug|Any CPU.ActiveCfg = Debug|Any CPU
		{98E93B70-6776-4F41-8B57-10336EAFB791}.Debug|Any CPU.Build.0 = Debug|Any CPU
		{98E93B70-6776-4F41-8B57-10336EAFB791}.Release|Any CPU.ActiveCfg = Release|Any CPU
		{98E93B70-6776-4F41-8B57-10336EAFB791}.Release|Any CPU.Build.0 = Release|Any CPU
		{7073ACF8-321D-4A44-B2DB-DD0DAA0FBFAA}.Debug|Any CPU.ActiveCfg = Debug|Any CPU
		{7073ACF8-321D-4A44-B2DB-DD0DAA0FBFAA}.Debug|Any CPU.Build.0 = Debug|Any CPU
		{7073ACF8-321D-4A44-B2DB-DD0DAA0FBFAA}.Release|Any CPU.ActiveCfg = Release|Any CPU
		{7073ACF8-321D-4A44-B2DB-DD0DAA0FBFAA}.Release|Any CPU.Build.0 = Release|Any CPU
	EndGlobalSection
	GlobalSection(SolutionProperties) = preSolution
		HideSolutionNode = FALSE
	EndGlobalSection
	GlobalSection(ExtensibilityGlobals) = postSolution
		SolutionGuid = {88A0321D-1103-42AD-BB49-08D6BE745145}
	EndGlobalSection
EndGlobal
